{
  "name": "docker-nextjs",
  "lockfileVersion": 2,
  "requires": true,
  "packages": {
    "": {
      "dependencies": {
        "create-next-app": "^11.1.4"
      }
    },
    "node_modules/create-next-app": {
      "version": "11.1.4",
      "resolved": "https://registry.npmjs.org/create-next-app/-/create-next-app-11.1.4.tgz",
      "integrity": "sha512-WngvC/C5G9yGVbdtSqqNVKh/KBO2fPEPBL84JTIKaIWCadtrc7MUL2yvozVohnjviiP8d4vlPb8Y3z34SnZoUg==",
      "bin": {
        "create-next-app": "dist/index.js"
      },
      "engines": {
        "node": ">=12.0.0"
      }
    }
  },
  "dependencies": {
    "create-next-app": {
      "version": "11.1.4",
      "resolved": "https://registry.npmjs.org/create-next-app/-/create-next-app-11.1.4.tgz",
      "integrity": "sha512-WngvC/C5G9yGVbdtSqqNVKh/KBO2fPEPBL84JTIKaIWCadtrc7MUL2yvozVohnjviiP8d4vlPb8Y3z34SnZoUg=="
    }
  }
}
